{
  "name": "oncepal-web",
  "lockfileVersion": 3,
  "requires": true,
  "packages": {
    "": {
      "name": "oncepal-web",
      "devDependencies": {
        "prettier": "^3.1.1",
        "turbo": "^2.0.3"
      },
      "engines": {
        "node": ">=18"
      }
    },
    "node_modules/prettier": {
      "version": "3.3.3",
      "dev": true,
      "license": "MIT",
      "bin": {
        "prettier": "bin/prettier.cjs"
      },
      "engines": {
        "node": ">=14"
      },
      "funding": {
        "url": "https://github.com/prettier/prettier?sponsor=1"
      }
    },
    "node_modules/turbo": {
      "version": "2.0.14",
      "dev": true,
      "license": "MIT",
      "bin": {
        "turbo": "bin/turbo"
      },
      "optionalDependencies": {
        "turbo-darwin-64": "2.0.14",
        "turbo-darwin-arm64": "2.0.14",
        "turbo-linux-64": "2.0.14",
        "turbo-linux-arm64": "2.0.14",
        "turbo-windows-64": "2.0.14",
        "turbo-windows-arm64": "2.0.14"
      }
    },
    "node_modules/turbo-windows-64": {
      "version": "2.0.14",
      "cpu": [
        "x64"
      ],
      "dev": true,
      "license": "MIT",
      "optional": true,
      "os": [
        "win32"
      ]
    }
  }
}
